{
  "name": "stella-implementation-in-typescript",
  "version": "0.1.0",
  "lockfileVersion": 3,
  "requires": true,
  "packages": {
    "": {
      "name": "stella-implementation-in-typescript",
      "version": "0.1.0",
      "dependencies": {
        "antlr4": "~4.9.3"
      },
      "devDependencies": {
        "@types/antlr4": "~4.11.2",
        "typescript": "^5.0.2"
      }
    },
    "node_modules/@types/antlr4": {
      "version": "4.11.2",
      "resolved": "https://registry.npmjs.org/@types/antlr4/-/antlr4-4.11.2.tgz",
      "integrity": "sha512-WVDiUppozGAKAL76KbXX63A4U4a0HfHM/5X7+GWzen7OaS/7eJEMdd61B+Hhl52Kedcmr80/jNeeWrM3Z/icig==",
      "dev": true
    },
    "node_modules/antlr4": {
      "version": "4.9.3",
      "resolved": "https://registry.npmjs.org/antlr4/-/antlr4-4.9.3.tgz",
      "integrity": "sha512-qNy2odgsa0skmNMCuxzXhM4M8J1YDaPv3TI+vCdnOAanu0N982wBrSqziDKRDctEZLZy9VffqIZXc0UGjjSP/g==",
      "engines": {
        "node": ">=14"
      }
    },
    "node_modules/typescript": {
      "version": "5.0.2",
      "resolved": "https://registry.npmjs.org/typescript/-/typescript-5.0.2.tgz",
      "integrity": "sha512-wVORMBGO/FAs/++blGNeAVdbNKtIh1rbBL2EyQ1+J9lClJ93KiiKe8PmFIVdXhHcyv44SL9oglmfeSsndo0jRw==",
      "dev": true,
      "bin": {
        "tsc": "bin/tsc",
        "tsserver": "bin/tsserver"
      },
      "engines": {
        "node": ">=12.20"
      }
    }
  }
}
